data/raw/atp_players.csv
data/raw/atp_rankings_current.csv
data/raw/RealGDP.csv
results/tables/raw_dataset_shapes.csv
results/tables/data_quality_summary.csv
results/tables/missing_values_summary.csv
data/processed/tennis_gdp_clean.csv
results/tables/country_summary.csv
results/tables/correlation_summary.csv
results/tables/model_classification_report.csv
results/tables/model_predictions.csv
results/figures/points_distribution.png
results/figures/gdp_distribution.png
results/figures/gdp_vs_points.png
results/figures/log_gdp_vs_points.png
results/figures/player_points_by_gdp_group.png
results/figures/country_gdp_vs_average_points.png
data/raw/atp_players.csv
data/raw/atp_rankings_current.csv
data/raw/RealGDP.csv
data/raw/atp_players.csv
data/raw/atp_rankings_current.csv
data/raw/RealGDP.csv
data/processed/tennis_gdp_clean.csv
data/processed/tennis_gdp_clean.csv
